
Microsoft Visual Studio Solution File, Format Version 12.00
# Visual Studio Version 17
Project("{8BC9CEB8-8B4A-11D0-8D11-00A0C91BC942}") = "Uphonic", "Uphonic.vcxproj", "{3B44B09F-A723-2F3B-B03B-BA111C9A959C}"
EndProject
Global
	GlobalSection(SolutionConfigurationPlatforms) = preSolution
		Release|Win32 = Release|Win32
	EndGlobalSection
	GlobalSection(ProjectConfigurationPlatforms) = postSolution
		{3B44B09F-A723-2F3B-B03B-BA111C9A959C}.Release|Win32.ActiveCfg = Release|Win32
		{3B44B09F-A723-2F3B-B03B-BA111C9A959C}.Release|Win32.Build.0 = Release|Win32
	EndGlobalSection
	GlobalSection(SolutionProperties) = preSolution
		HideSolutionNode = FALSE
	EndGlobalSection
EndGlobal
